<?xml version="1.0" encoding="utf-8"?>
<Project ToolsVersion="4.0" xmlns="http://schemas.microsoft.com/developer/msbuild/2003">
  <ItemGroup>
    <Filter Include="Source Files">
      <UniqueIdentifier>{4FC737F1-C7A5-4376-A066-2A32D752A2FF}</UniqueIdentifier>
      <Extensions>cpp;c;cc;cxx;def;odl;idl;hpj;bat;asm;asmx</Extensions>
    </Filter>
    <Filter Include="Header Files">
      <UniqueIdentifier>{93995380-89BD-4b04-88EB-625FBE52EBFB}</UniqueIdentifier>
      <Extensions>h;hpp;hxx;hm;inl;inc;xsd</Extensions>
    </Filter>
    <Filter Include="Resource Files">
      <UniqueIdentifier>{67DA6AB6-F800-4c08-8B7A-83BB121AAD01}</UniqueIdentifier>
      <Extensions>rc;ico;cur;bmp;dlg;rc2;rct;bin;rgs;gif;jpg;jpeg;jpe;resx;tiff;tif;png;wav</Extensions>
    </Filter>
    <Filter Include="Header Files\sound">
      <UniqueIdentifier>{c18aa56c-e7bc-414b-badb-bf4e83eab98b}</UniqueIdentifier>
    </Filter>
  </ItemGroup>
  <ItemGroup>
    <ClCompile Include="src\BaseApplication.cpp">
      <Filter>Source Files</Filter>
    </ClCompile>
    <ClCompile Include="src\ogrehavoktest.cpp">
      <Filter>Source Files</Filter>
    </ClCompile>
    <ClCompile Include="src\Physics.cpp">
      <Filter>Source Files</Filter>
    </ClCompile>
    <ClCompile Include="stdafx.cpp">
      <Filter>Source Files</Filter>
    </ClCompile>
    <ClCompile Include="src\SoundManager.cpp">
      <Filter>Source Files</Filter>
    </ClCompile>
    <ClCompile Include="src\BaseObject.cpp">
      <Filter>Source Files</Filter>
    </ClCompile>
    <ClCompile Include="src\Player.cpp">
      <Filter>Source Files</Filter>
    </ClCompile>
    <ClCompile Include="src\DynamicObject.cpp">
      <Filter>Source Files</Filter>
    </ClCompile>
    <ClCompile Include="src\Floor.cpp">
      <Filter>Source Files</Filter>
    </ClCompile>
    <ClCompile Include="src\InteractiveFloor.cpp">
      <Filter>Source Files</Filter>
    </ClCompile>
    <ClCompile Include="src\InteractiveWall.cpp">
      <Filter>Source Files</Filter>
    </ClCompile>
    <ClCompile Include="src\PortalGun.cpp">
      <Filter>Source Files</Filter>
    </ClCompile>
    <ClCompile Include="src\StaticObject.cpp">
      <Filter>Source Files</Filter>
    </ClCompile>
    <ClCompile Include="src\Wall.cpp">
      <Filter>Source Files</Filter>
    </ClCompile>
    <ClCompile Include="src\Portal.cpp">
      <Filter>Source Files</Filter>
    </ClCompile>
    <ClCompile Include="src\Create.cpp">
      <Filter>Source Files</Filter>
    </ClCompile>
    <ClCompile Include="src\Laser.cpp">
      <Filter>Source Files</Filter>
    </ClCompile>
    <ClCompile Include="src\LaserReceptor.cpp">
      <Filter>Source Files</Filter>
    </ClCompile>
    <ClCompile Include="src\LaserManager.cpp">
      <Filter>Source Files</Filter>
    </ClCompile>
    <ClCompile Include="src\TestC.cpp">
      <Filter>Source Files</Filter>
    </ClCompile>
  </ItemGroup>
  <ItemGroup>
    <ClInclude Include="include\BaseApplication.h">
      <Filter>Header Files</Filter>
    </ClInclude>
    <ClInclude Include="include\Havok.h">
      <Filter>Header Files</Filter>
    </ClInclude>
    <ClInclude Include="include\ogrehavoktest.h">
      <Filter>Header Files</Filter>
    </ClInclude>
    <ClInclude Include="include\Physics.h">
      <Filter>Header Files</Filter>
    </ClInclude>
    <ClInclude Include="res\Resource.h">
      <Filter>Header Files</Filter>
    </ClInclude>
    <ClInclude Include="stdafx.h">
      <Filter>Header Files</Filter>
    </ClInclude>
    <ClInclude Include="include\BaseObject.h">
      <Filter>Header Files</Filter>
    </ClInclude>
    <ClInclude Include="include\SoundManager.h">
      <Filter>Header Files</Filter>
    </ClInclude>
    <ClInclude Include="include\fmod.hpp">
      <Filter>Header Files\sound</Filter>
    </ClInclude>
    <ClInclude Include="include\fmod_codec.h">
      <Filter>Header Files\sound</Filter>
    </ClInclude>
    <ClInclude Include="include\fmod_dsp.h">
      <Filter>Header Files\sound</Filter>
    </ClInclude>
    <ClInclude Include="include\fmod_errors.h">
      <Filter>Header Files\sound</Filter>
    </ClInclude>
    <ClInclude Include="include\fmod_memoryinfo.h">
      <Filter>Header Files\sound</Filter>
    </ClInclude>
    <ClInclude Include="include\fmod.h">
      <Filter>Header Files\sound</Filter>
    </ClInclude>
    <ClInclude Include="include\Player.h">
      <Filter>Header Files</Filter>
    </ClInclude>
    <ClInclude Include="include\DynamicObject.h">
      <Filter>Header Files</Filter>
    </ClInclude>
    <ClInclude Include="include\InteractiveFloor.h">
      <Filter>Header Files</Filter>
    </ClInclude>
    <ClInclude Include="include\InteractiveWall.h">
      <Filter>Header Files</Filter>
    </ClInclude>
    <ClInclude Include="include\PortalGun.h">
      <Filter>Header Files</Filter>
    </ClInclude>
    <ClInclude Include="include\Floor.h">
      <Filter>Header Files</Filter>
    </ClInclude>
    <ClInclude Include="include\StaticObject.h">
      <Filter>Header Files</Filter>
    </ClInclude>
    <ClInclude Include="include\Wall.h">
      <Filter>Header Files</Filter>
    </ClInclude>
    <ClInclude Include="include\Portal.h">
      <Filter>Header Files</Filter>
    </ClInclude>
    <ClInclude Include="include\Create.h">
      <Filter>Header Files</Filter>
    </ClInclude>
    <ClInclude Include="include\Laser.h">
      <Filter>Header Files</Filter>
    </ClInclude>
    <ClInclude Include="include\LaserReceptor.h">
      <Filter>Header Files</Filter>
    </ClInclude>
    <ClInclude Include="include\LaserManager.h">
      <Filter>Header Files</Filter>
    </ClInclude>
    <ClInclude Include="include\TestC.h">
      <Filter>Header Files</Filter>
    </ClInclude>
  </ItemGroup>
  <ItemGroup>
    <None Include="res\ogrehavoktest.ico">
      <Filter>Resource Files</Filter>
    </None>
    <None Include="docs\ReadMe.txt" />
  </ItemGroup>
  <ItemGroup>
    <ResourceCompile Include="res\ogrehavoktest.rc">
      <Filter>Resource Files</Filter>
    </ResourceCompile>
  </ItemGroup>
</Project>